
Microsoft Visual Studio Solution File, Format Version 12.00
# Visual Studio Version 17
VisualStudioVersion = 17.9.34714.143
MinimumVisualStudioVersion = 10.0.40219.1
Project("{FAE04EC0-301F-11D3-BF4B-00C04F79EFBC}") = "TreinaWeb.Musics.Web", "TreinaWeb.Musics.Web\TreinaWeb.Musics.Web.csproj", "{62AFFF33-DDB2-4547-BC8D-6885123E6E8A}"
EndProject
Project("{2150E333-8FDC-42A3-9474-1A3956D46DE8}") = "Domain", "Domain", "{30299627-6BE7-4F57-BC44-E8A96C1E0932}"
EndProject
Project("{FAE04EC0-301F-11D3-BF4B-00C04F79EFBC}") = "TreinaWeb.Musics.Domain", "TreinaWeb.Musics.Domain\TreinaWeb.Musics.Domain.csproj", "{E8520FB2-91F2-4815-A1CA-314BA5B287F1}"
EndProject
Global
	GlobalSection(SolutionConfigurationPlatforms) = preSolution
		Debug|Any CPU = Debug|Any CPU
		Release|Any CPU = Release|Any CPU
	EndGlobalSection
	GlobalSection(ProjectConfigurationPlatforms) = postSolution
		{62AFFF33-DDB2-4547-BC8D-6885123E6E8A}.Debug|Any CPU.ActiveCfg = Debug|Any CPU
		{62AFFF33-DDB2-4547-BC8D-6885123E6E8A}.Debug|Any CPU.Build.0 = Debug|Any CPU
		{62AFFF33-DDB2-4547-BC8D-6885123E6E8A}.Release|Any CPU.ActiveCfg = Release|Any CPU
		{62AFFF33-DDB2-4547-BC8D-6885123E6E8A}.Release|Any CPU.Build.0 = Release|Any CPU
		{E8520FB2-91F2-4815-A1CA-314BA5B287F1}.Debug|Any CPU.ActiveCfg = Debug|Any CPU
		{E8520FB2-91F2-4815-A1CA-314BA5B287F1}.Debug|Any CPU.Build.0 = Debug|Any CPU
		{E8520FB2-91F2-4815-A1CA-314BA5B287F1}.Release|Any CPU.ActiveCfg = Release|Any CPU
		{E8520FB2-91F2-4815-A1CA-314BA5B287F1}.Release|Any CPU.Build.0 = Release|Any CPU
	EndGlobalSection
	GlobalSection(SolutionProperties) = preSolution
		HideSolutionNode = FALSE
	EndGlobalSection
	GlobalSection(NestedProjects) = preSolution
		{E8520FB2-91F2-4815-A1CA-314BA5B287F1} = {30299627-6BE7-4F57-BC44-E8A96C1E0932}
	EndGlobalSection
	GlobalSection(ExtensibilityGlobals) = postSolution
		SolutionGuid = {44B9D3D4-D01B-45AA-93B5-A4FF31F87EC2}
	EndGlobalSection
EndGlobal
